
Microsoft Visual Studio Solution File, Format Version 12.00
# Visual Studio 15
VisualStudioVersion = 15.0.28010.2016
MinimumVisualStudioVersion = 10.0.40219.1
Project("{FAE04EC0-301F-11D3-BF4B-00C04F79EFBC}") = "MoneyGest", "MoneyGest\MoneyGest.csproj", "{C54E9B82-52EF-4693-8AA8-01C9DC247B59}"
EndProject
Project("{9A19103F-16F7-4668-BE54-9A1E7A4F7556}") = "ServicesLayer", "ServicesLayer\ServicesLayer.csproj", "{C616C96E-8D2E-49AB-894C-D9CECC56CAEB}"
EndProject
Project("{9A19103F-16F7-4668-BE54-9A1E7A4F7556}") = "Common", "Common\Common.csproj", "{A559E032-807A-45FB-99C5-12B86627D8D4}"
EndProject
Project("{FAE04EC0-301F-11D3-BF4B-00C04F79EFBC}") = "Web.Api.Oauth2", "Web.Api.Oauth2\Web.Api.Oauth2.csproj", "{6D7ABE66-AC03-42D2-9F59-3EE780D2A33A}"
EndProject
Project("{9A19103F-16F7-4668-BE54-9A1E7A4F7556}") = "DataLayer", "RepositoryLayer\DataLayer.csproj", "{3FB822B0-2586-466C-8E65-94043DE598BB}"
EndProject
Project("{FAE04EC0-301F-11D3-BF4B-00C04F79EFBC}") = "Web.Api", "Web.Api\Web.Api.csproj", "{72C2847C-48FF-4277-BD96-175C594F4675}"
EndProject
Global
	GlobalSection(SolutionConfigurationPlatforms) = preSolution
		Debug|Any CPU = Debug|Any CPU
		Release|Any CPU = Release|Any CPU
	EndGlobalSection
	GlobalSection(ProjectConfigurationPlatforms) = postSolution
		{C54E9B82-52EF-4693-8AA8-01C9DC247B59}.Debug|Any CPU.ActiveCfg = Debug|Any CPU
		{C54E9B82-52EF-4693-8AA8-01C9DC247B59}.Debug|Any CPU.Build.0 = Debug|Any CPU
		{C54E9B82-52EF-4693-8AA8-01C9DC247B59}.Release|Any CPU.ActiveCfg = Release|Any CPU
		{C54E9B82-52EF-4693-8AA8-01C9DC247B59}.Release|Any CPU.Build.0 = Release|Any CPU
		{C616C96E-8D2E-49AB-894C-D9CECC56CAEB}.Debug|Any CPU.ActiveCfg = Debug|Any CPU
		{C616C96E-8D2E-49AB-894C-D9CECC56CAEB}.Debug|Any CPU.Build.0 = Debug|Any CPU
		{C616C96E-8D2E-49AB-894C-D9CECC56CAEB}.Release|Any CPU.ActiveCfg = Release|Any CPU
		{C616C96E-8D2E-49AB-894C-D9CECC56CAEB}.Release|Any CPU.Build.0 = Release|Any CPU
		{A559E032-807A-45FB-99C5-12B86627D8D4}.Debug|Any CPU.ActiveCfg = Debug|Any CPU
		{A559E032-807A-45FB-99C5-12B86627D8D4}.Debug|Any CPU.Build.0 = Debug|Any CPU
		{A559E032-807A-45FB-99C5-12B86627D8D4}.Release|Any CPU.ActiveCfg = Release|Any CPU
		{A559E032-807A-45FB-99C5-12B86627D8D4}.Release|Any CPU.Build.0 = Release|Any CPU
		{6D7ABE66-AC03-42D2-9F59-3EE780D2A33A}.Debug|Any CPU.ActiveCfg = Debug|Any CPU
		{6D7ABE66-AC03-42D2-9F59-3EE780D2A33A}.Debug|Any CPU.Build.0 = Debug|Any CPU
		{6D7ABE66-AC03-42D2-9F59-3EE780D2A33A}.Release|Any CPU.ActiveCfg = Release|Any CPU
		{6D7ABE66-AC03-42D2-9F59-3EE780D2A33A}.Release|Any CPU.Build.0 = Release|Any CPU
		{3FB822B0-2586-466C-8E65-94043DE598BB}.Debug|Any CPU.ActiveCfg = Debug|Any CPU
		{3FB822B0-2586-466C-8E65-94043DE598BB}.Debug|Any CPU.Build.0 = Debug|Any CPU
		{3FB822B0-2586-466C-8E65-94043DE598BB}.Release|Any CPU.ActiveCfg = Release|Any CPU
		{3FB822B0-2586-466C-8E65-94043DE598BB}.Release|Any CPU.Build.0 = Release|Any CPU
		{72C2847C-48FF-4277-BD96-175C594F4675}.Debug|Any CPU.ActiveCfg = Debug|Any CPU
		{72C2847C-48FF-4277-BD96-175C594F4675}.Debug|Any CPU.Build.0 = Debug|Any CPU
		{72C2847C-48FF-4277-BD96-175C594F4675}.Release|Any CPU.ActiveCfg = Release|Any CPU
		{72C2847C-48FF-4277-BD96-175C594F4675}.Release|Any CPU.Build.0 = Release|Any CPU
	EndGlobalSection
	GlobalSection(SolutionProperties) = preSolution
		HideSolutionNode = FALSE
	EndGlobalSection
	GlobalSection(ExtensibilityGlobals) = postSolution
		SolutionGuid = {33038A86-24D5-490D-8B3F-AD018827AD61}
	EndGlobalSection
EndGlobal
